
Microsoft Visual Studio Solution File, Format Version 12.00
# Visual Studio Version 16
VisualStudioVersion = 16.0.28729.10
MinimumVisualStudioVersion = 10.0.40219.1
Project("{FAE04EC0-301F-11D3-BF4B-00C04F79EFBC}") = "Attack_11", "Attack_ATMB\Attack_11.csproj", "{8EC4DB8E-E9E3-4565-AA19-E749622A6CB8}"
EndProject
Global
	GlobalSection(SolutionConfigurationPlatforms) = preSolution
		Debug|Any CPU = Debug|Any CPU
		Release|Any CPU = Release|Any CPU
	EndGlobalSection
	GlobalSection(ProjectConfigurationPlatforms) = postSolution
		{8EC4DB8E-E9E3-4565-AA19-E749622A6CB8}.Debug|Any CPU.ActiveCfg = Debug|Any CPU
		{8EC4DB8E-E9E3-4565-AA19-E749622A6CB8}.Debug|Any CPU.Build.0 = Debug|Any CPU
		{8EC4DB8E-E9E3-4565-AA19-E749622A6CB8}.Release|Any CPU.ActiveCfg = Release|Any CPU
		{8EC4DB8E-E9E3-4565-AA19-E749622A6CB8}.Release|Any CPU.Build.0 = Release|Any CPU
	EndGlobalSection
	GlobalSection(SolutionProperties) = preSolution
		HideSolutionNode = FALSE
	EndGlobalSection
	GlobalSection(ExtensibilityGlobals) = postSolution
		SolutionGuid = {6A35ECFA-80A1-4736-8CF5-8BABAC684230}
	EndGlobalSection
EndGlobal
